
Microsoft Visual Studio Solution File, Format Version 12.00
# Visual Studio Version 17
VisualStudioVersion = 17.6.33829.357
MinimumVisualStudioVersion = 10.0.40219.1
Project("{9A19103F-16F7-4668-BE54-9A1E7A4F7556}") = "CareerHub.gRPC", "CareerHub.gRPC\CareerHub.gRPC.csproj", "{6A1F2157-B2FC-41B4-9C49-1A491C0CD8BF}"
EndProject
Project("{9A19103F-16F7-4668-BE54-9A1E7A4F7556}") = "CareerHub.Application", "CareerHub.Application\CareerHub.Application.csproj", "{8C6E76B2-DA31-4C5A-91D5-B8B854FDBA91}"
EndProject
Project("{9A19103F-16F7-4668-BE54-9A1E7A4F7556}") = "CareerHub.Domain", "CareerHub.Domain\CareerHub.Domain.csproj", "{2C7387E4-4191-49CC-BADC-1C92903DE936}"
EndProject
Project("{9A19103F-16F7-4668-BE54-9A1E7A4F7556}") = "CareerHub.Infrastructure", "CareerHub.Infrastructure\CareerHub.Infrastructure.csproj", "{5AFF5E1F-8CC3-461E-AEAF-44F33D1EF940}"
EndProject
Global
	GlobalSection(SolutionConfigurationPlatforms) = preSolution
		Debug|Any CPU = Debug|Any CPU
		Release|Any CPU = Release|Any CPU
	EndGlobalSection
	GlobalSection(ProjectConfigurationPlatforms) = postSolution
		{6A1F2157-B2FC-41B4-9C49-1A491C0CD8BF}.Debug|Any CPU.ActiveCfg = Debug|Any CPU
		{6A1F2157-B2FC-41B4-9C49-1A491C0CD8BF}.Debug|Any CPU.Build.0 = Debug|Any CPU
		{6A1F2157-B2FC-41B4-9C49-1A491C0CD8BF}.Release|Any CPU.ActiveCfg = Release|Any CPU
		{6A1F2157-B2FC-41B4-9C49-1A491C0CD8BF}.Release|Any CPU.Build.0 = Release|Any CPU
		{8C6E76B2-DA31-4C5A-91D5-B8B854FDBA91}.Debug|Any CPU.ActiveCfg = Debug|Any CPU
		{8C6E76B2-DA31-4C5A-91D5-B8B854FDBA91}.Debug|Any CPU.Build.0 = Debug|Any CPU
		{8C6E76B2-DA31-4C5A-91D5-B8B854FDBA91}.Release|Any CPU.ActiveCfg = Release|Any CPU
		{8C6E76B2-DA31-4C5A-91D5-B8B854FDBA91}.Release|Any CPU.Build.0 = Release|Any CPU
		{2C7387E4-4191-49CC-BADC-1C92903DE936}.Debug|Any CPU.ActiveCfg = Debug|Any CPU
		{2C7387E4-4191-49CC-BADC-1C92903DE936}.Debug|Any CPU.Build.0 = Debug|Any CPU
		{2C7387E4-4191-49CC-BADC-1C92903DE936}.Release|Any CPU.ActiveCfg = Release|Any CPU
		{2C7387E4-4191-49CC-BADC-1C92903DE936}.Release|Any CPU.Build.0 = Release|Any CPU
		{5AFF5E1F-8CC3-461E-AEAF-44F33D1EF940}.Debug|Any CPU.ActiveCfg = Debug|Any CPU
		{5AFF5E1F-8CC3-461E-AEAF-44F33D1EF940}.Debug|Any CPU.Build.0 = Debug|Any CPU
		{5AFF5E1F-8CC3-461E-AEAF-44F33D1EF940}.Release|Any CPU.ActiveCfg = Release|Any CPU
		{5AFF5E1F-8CC3-461E-AEAF-44F33D1EF940}.Release|Any CPU.Build.0 = Release|Any CPU
	EndGlobalSection
	GlobalSection(SolutionProperties) = preSolution
		HideSolutionNode = FALSE
	EndGlobalSection
	GlobalSection(ExtensibilityGlobals) = postSolution
		SolutionGuid = {3738AD8F-A187-47D7-945B-F3F45A08A957}
	EndGlobalSection
EndGlobal
